
Microsoft Visual Studio Solution File, Format Version 12.00
# Visual Studio Version 17
VisualStudioVersion = 17.4.33205.214
MinimumVisualStudioVersion = 10.0.40219.1
Project("{FAE04EC0-301F-11D3-BF4B-00C04F79EFBC}") = "TestAssignmentDesktop.Wpf", "TestAssignmentDesktop.Wpf\TestAssignmentDesktop.Wpf.csproj", "{91062C90-B6B9-4E55-BE39-7D034D28F7ED}"
EndProject
Project("{FAE04EC0-301F-11D3-BF4B-00C04F79EFBC}") = "TestAssignmentDesktop.CoinCap", "TestAssignmentDesktop.CoinCap\TestAssignmentDesktop.CoinCap.csproj", "{52395216-A30B-4E4D-9529-7D9F3E1E4BD0}"
EndProject
Global
	GlobalSection(SolutionConfigurationPlatforms) = preSolution
		Debug|Any CPU = Debug|Any CPU
		Release|Any CPU = Release|Any CPU
	EndGlobalSection
	GlobalSection(ProjectConfigurationPlatforms) = postSolution
		{91062C90-B6B9-4E55-BE39-7D034D28F7ED}.Debug|Any CPU.ActiveCfg = Debug|Any CPU
		{91062C90-B6B9-4E55-BE39-7D034D28F7ED}.Debug|Any CPU.Build.0 = Debug|Any CPU
		{91062C90-B6B9-4E55-BE39-7D034D28F7ED}.Release|Any CPU.ActiveCfg = Release|Any CPU
		{91062C90-B6B9-4E55-BE39-7D034D28F7ED}.Release|Any CPU.Build.0 = Release|Any CPU
		{52395216-A30B-4E4D-9529-7D9F3E1E4BD0}.Debug|Any CPU.ActiveCfg = Debug|Any CPU
		{52395216-A30B-4E4D-9529-7D9F3E1E4BD0}.Debug|Any CPU.Build.0 = Debug|Any CPU
		{52395216-A30B-4E4D-9529-7D9F3E1E4BD0}.Release|Any CPU.ActiveCfg = Release|Any CPU
		{52395216-A30B-4E4D-9529-7D9F3E1E4BD0}.Release|Any CPU.Build.0 = Release|Any CPU
	EndGlobalSection
	GlobalSection(SolutionProperties) = preSolution
		HideSolutionNode = FALSE
	EndGlobalSection
	GlobalSection(ExtensibilityGlobals) = postSolution
		SolutionGuid = {C0989E2F-245A-422E-9FEC-74E4ABA7ABE9}
	EndGlobalSection
EndGlobal
